// !$*UTF8*$!
{
	archiveVersion = 1;
	classes = {
	};
	objectVersion = 46;
	objects = {

/* Begin PBXBuildFile section */
		610456411C7D5A1F0078459E /* WoDeGuanZhuDetailViewController.swift in Sources */ = {isa = PBXBuildFile; fileRef = 610456401C7D5A1F0078459E /* WoDeGuanZhuDetailViewController.swift */; };
		61113E641C698B7A0051538D /* AppDelegate.swift in Sources */ = {isa = PBXBuildFile; fileRef = 61113E631C698B7A0051538D /* AppDelegate.swift */; };
		61113E661C698B7A0051538D /* MainViewController.swift in Sources */ = {isa = PBXBuildFile; fileRef = 61113E651C698B7A0051538D /* MainViewController.swift */; };
		61113E691C698B7A0051538D /* Main.storyboard in Resources */ = {isa = PBXBuildFile; fileRef = 61113E671C698B7A0051538D /* Main.storyboard */; };
		61113E6C1C698B7A0051538D /* beibang.xcdatamodeld in Sources */ = {isa = PBXBuildFile; fileRef = 61113E6A1C698B7A0051538D /* beibang.xcdatamodeld */; };
		61113E6E1C698B7A0051538D /* Assets.xcassets in Resources */ = {isa = PBXBuildFile; fileRef = 61113E6D1C698B7A0051538D /* Assets.xcassets */; };
		61113E711C698B7A0051538D /* LaunchScreen.storyboard in Resources */ = {isa = PBXBuildFile; fileRef = 61113E6F1C698B7A0051538D /* LaunchScreen.storyboard */; };
		61113E7C1C698B7A0051538D /* beibangTests.swift in Sources */ = {isa = PBXBuildFile; fileRef = 61113E7B1C698B7A0051538D /* beibangTests.swift */; };
		61113E871C698B7A0051538D /* beibangUITests.swift in Sources */ = {isa = PBXBuildFile; fileRef = 61113E861C698B7A0051538D /* beibangUITests.swift */; };
		61113E951C6990E30051538D /* SignInEntryViewController.swift in Sources */ = {isa = PBXBuildFile; fileRef = 61113E941C6990E30051538D /* SignInEntryViewController.swift */; };
		611EF63E1C6E76B200469639 /* ChaoZhiBaoLiaoViewController.swift in Sources */ = {isa = PBXBuildFile; fileRef = 611EF63D1C6E76B200469639 /* ChaoZhiBaoLiaoViewController.swift */; };
		611EF6401C6E7E2000469639 /* UNAlertView.swift in Sources */ = {isa = PBXBuildFile; fileRef = 611EF63F1C6E7E2000469639 /* UNAlertView.swift */; };
		612C4B7E1C7AB071004A3D2B /* MyProfileViewController.swift in Sources */ = {isa = PBXBuildFile; fileRef = 612C4B7D1C7AB071004A3D2B /* MyProfileViewController.swift */; };
		612C4B811C7AB519004A3D2B /* MyProfileTableViewCell.swift in Sources */ = {isa = PBXBuildFile; fileRef = 612C4B801C7AB519004A3D2B /* MyProfileTableViewCell.swift */; };
		612C4B831C7ACD61004A3D2B /* WoDeBaoBaoViewController.swift in Sources */ = {isa = PBXBuildFile; fileRef = 612C4B821C7ACD61004A3D2B /* WoDeBaoBaoViewController.swift */; };
		612C4B851C7ACD6D004A3D2B /* WoDeTouGaoViewController.swift in Sources */ = {isa = PBXBuildFile; fileRef = 612C4B841C7ACD6D004A3D2B /* WoDeTouGaoViewController.swift */; };
		612C4B871C7ACD79004A3D2B /* WoDeShouCangViewController.swift in Sources */ = {isa = PBXBuildFile; fileRef = 612C4B861C7ACD79004A3D2B /* WoDeShouCangViewController.swift */; };
		612C4B891C7ACD86004A3D2B /* WoDeGuanZhuViewController.swift in Sources */ = {isa = PBXBuildFile; fileRef = 612C4B881C7ACD86004A3D2B /* WoDeGuanZhuViewController.swift */; };
		612C4B8B1C7ACD96004A3D2B /* ZhangHuAnQuanViewController.swift in Sources */ = {isa = PBXBuildFile; fileRef = 612C4B8A1C7ACD96004A3D2B /* ZhangHuAnQuanViewController.swift */; };
		612C4B8D1C7ACDA1004A3D2B /* LianXiPingTaiViewController.swift in Sources */ = {isa = PBXBuildFile; fileRef = 612C4B8C1C7ACDA1004A3D2B /* LianXiPingTaiViewController.swift */; };
		616E0C681C7BFF1600A171C6 /* WoDeShouCangTableViewCell.swift in Sources */ = {isa = PBXBuildFile; fileRef = 616E0C671C7BFF1600A171C6 /* WoDeShouCangTableViewCell.swift */; };
		616E0C6A1C7C0D8F00A171C6 /* WoDeGuanZhuTableViewCell.swift in Sources */ = {isa = PBXBuildFile; fileRef = 616E0C691C7C0D8F00A171C6 /* WoDeGuanZhuTableViewCell.swift */; };
		616E0C6C1C7C0FE500A171C6 /* User.swift in Sources */ = {isa = PBXBuildFile; fileRef = 616E0C6B1C7C0FE500A171C6 /* User.swift */; };
		617EFF8E1C741C8700C09174 /* PopupView.xib in Resources */ = {isa = PBXBuildFile; fileRef = 617EFF8C1C741C8700C09174 /* PopupView.xib */; };
		617EFF8F1C741C8700C09174 /* PopupView.swift in Sources */ = {isa = PBXBuildFile; fileRef = 617EFF8D1C741C8700C09174 /* PopupView.swift */; };
		61816CC11C7E96A500B98C1A /* WoDeBaoBaoPregnentViewController.swift in Sources */ = {isa = PBXBuildFile; fileRef = 61816CC01C7E96A500B98C1A /* WoDeBaoBaoPregnentViewController.swift */; };
		61816CC31C7EA27600B98C1A /* WoDeBaoBaoMomViewController.swift in Sources */ = {isa = PBXBuildFile; fileRef = 61816CC21C7EA27600B98C1A /* WoDeBaoBaoMomViewController.swift */; };
		6182F4071C7F52C100F44AC0 /* ShareMainViewController.swift in Sources */ = {isa = PBXBuildFile; fileRef = 6182F4061C7F52C100F44AC0 /* ShareMainViewController.swift */; };
		6182F4091C7F879400F44AC0 /* ShareFuLiView.swift in Sources */ = {isa = PBXBuildFile; fileRef = 6182F4081C7F879400F44AC0 /* ShareFuLiView.swift */; };
		6182F40B1C7F8BC700F44AC0 /* ShareFuLiView.xib in Resources */ = {isa = PBXBuildFile; fileRef = 6182F40A1C7F8BC700F44AC0 /* ShareFuLiView.xib */; };
		618426D71C6AE25200A1E5DA /* SignInViewController.swift in Sources */ = {isa = PBXBuildFile; fileRef = 618426D61C6AE25200A1E5DA /* SignInViewController.swift */; };
		618426D91C6AEEA900A1E5DA /* RegisterStepOneViewController.swift in Sources */ = {isa = PBXBuildFile; fileRef = 618426D81C6AEEA900A1E5DA /* RegisterStepOneViewController.swift */; };
		618426DB1C6AF2B400A1E5DA /* RegisterStepTwoViewController.swift in Sources */ = {isa = PBXBuildFile; fileRef = 618426DA1C6AF2B400A1E5DA /* RegisterStepTwoViewController.swift */; };
		619B97E41C7FEF0200C87E26 /* ZuiXinView.swift in Sources */ = {isa = PBXBuildFile; fileRef = 619B97E31C7FEF0200C87E26 /* ZuiXinView.swift */; };
		619B97E61C7FEF2000C87E26 /* ZuiXinView.xib in Resources */ = {isa = PBXBuildFile; fileRef = 619B97E51C7FEF2000C87E26 /* ZuiXinView.xib */; };
		619B97E81C7FFFCF00C87E26 /* ZhuanTiView.swift in Sources */ = {isa = PBXBuildFile; fileRef = 619B97E71C7FFFCF00C87E26 /* ZhuanTiView.swift */; };
		619B97EA1C7FFFDF00C87E26 /* ZhuanTiView.xib in Resources */ = {isa = PBXBuildFile; fileRef = 619B97E91C7FFFDF00C87E26 /* ZhuanTiView.xib */; };
		61B156781C78079B0020B29D /* TouGaoPopupButtonsViewController.swift in Sources */ = {isa = PBXBuildFile; fileRef = 61B156771C78079B0020B29D /* TouGaoPopupButtonsViewController.swift */; };
		61B1567A1C7823550020B29D /* MainViewTopCell.swift in Sources */ = {isa = PBXBuildFile; fileRef = 61B156791C7823550020B29D /* MainViewTopCell.swift */; };
		61B1567C1C78236D0020B29D /* MainViewFollowingCell.swift in Sources */ = {isa = PBXBuildFile; fileRef = 61B1567B1C78236D0020B29D /* MainViewFollowingCell.swift */; };
		61B258511C7BB16A006AE29A /* WoDeTouGaoTableViewCell.swift in Sources */ = {isa = PBXBuildFile; fileRef = 61B258501C7BB16A006AE29A /* WoDeTouGaoTableViewCell.swift */; };
		61B258531C7BB67E006AE29A /* ImageUtil.swift in Sources */ = {isa = PBXBuildFile; fileRef = 61B258521C7BB67E006AE29A /* ImageUtil.swift */; };
		61E1FAC41C7183E700EEC642 /* TouGaoEditorViewController.swift in Sources */ = {isa = PBXBuildFile; fileRef = 61E1FAC31C7183E700EEC642 /* TouGaoEditorViewController.swift */; };
		61E1FAC71C7245D500EEC642 /* BlogEditor.swift in Sources */ = {isa = PBXBuildFile; fileRef = 61E1FAC61C7245D500EEC642 /* BlogEditor.swift */; };
		61E1FACB1C72486300EEC642 /* colorPalette.plist in Resources */ = {isa = PBXBuildFile; fileRef = 61E1FAC81C72486300EEC642 /* colorPalette.plist */; };
		61E1FACC1C72486300EEC642 /* ColorPickerViewController.swift in Sources */ = {isa = PBXBuildFile; fileRef = 61E1FAC91C72486300EEC642 /* ColorPickerViewController.swift */; };
		61E1FACD1C72486300EEC642 /* Notice.swift in Sources */ = {isa = PBXBuildFile; fileRef = 61E1FACA1C72486300EEC642 /* Notice.swift */; };
		61E3FF5C1C6ED7A400EAAD4D /* ChaoZhiBaoLiaoSubmitViewController.swift in Sources */ = {isa = PBXBuildFile; fileRef = 61E3FF5B1C6ED7A400EAAD4D /* ChaoZhiBaoLiaoSubmitViewController.swift */; };
		61E693371C75666F0064416F /* TouGaoPreviewViewController.swift in Sources */ = {isa = PBXBuildFile; fileRef = 61E693361C75666F0064416F /* TouGaoPreviewViewController.swift */; };
		61F1A5361C763BF600CAA9E1 /* TouGao.swift in Sources */ = {isa = PBXBuildFile; fileRef = 61F1A5351C763BF600CAA9E1 /* TouGao.swift */; };
/* End PBXBuildFile section */

/* Begin PBXContainerItemProxy section */
		61113E781C698B7A0051538D /* PBXContainerItemProxy */ = {
			isa = PBXContainerItemProxy;
			containerPortal = 61113E581C698B7A0051538D /* Project object */;
			proxyType = 1;
			remoteGlobalIDString = 61113E5F1C698B7A0051538D;
			remoteInfo = beibang;
		};
		61113E831C698B7A0051538D /* PBXContainerItemProxy */ = {
			isa = PBXContainerItemProxy;
			containerPortal = 61113E581C698B7A0051538D /* Project object */;
			proxyType = 1;
			remoteGlobalIDString = 61113E5F1C698B7A0051538D;
			remoteInfo = beibang;
		};
/* End PBXContainerItemProxy section */

/* Begin PBXFileReference section */
		610456401C7D5A1F0078459E /* WoDeGuanZhuDetailViewController.swift */ = {isa = PBXFileReference; fileEncoding = 4; lastKnownFileType = sourcecode.swift; path = WoDeGuanZhuDetailViewController.swift; sourceTree = "<group>"; };
		61113E601C698B7A0051538D /* beibang.app */ = {isa = PBXFileReference; explicitFileType = wrapper.application; includeInIndex = 0; path = beibang.app; sourceTree = BUILT_PRODUCTS_DIR; };
		61113E631C698B7A0051538D /* AppDelegate.swift */ = {isa = PBXFileReference; lastKnownFileType = sourcecode.swift; path = AppDelegate.swift; sourceTree = "<group>"; };
		61113E651C698B7A0051538D /* MainViewController.swift */ = {isa = PBXFileReference; lastKnownFileType = sourcecode.swift; path = MainViewController.swift; sourceTree = "<group>"; };
		61113E681C698B7A0051538D /* Base */ = {isa = PBXFileReference; lastKnownFileType = file.storyboard; name = Base; path = Base.lproj/Main.storyboard; sourceTree = "<group>"; };
		61113E6B1C698B7A0051538D /* beibang.xcdatamodel */ = {isa = PBXFileReference; lastKnownFileType = wrapper.xcdatamodel; path = beibang.xcdatamodel; sourceTree = "<group>"; };
		61113E6D1C698B7A0051538D /* Assets.xcassets */ = {isa = PBXFileReference; lastKnownFileType = folder.assetcatalog; path = Assets.xcassets; sourceTree = "<group>"; };
		61113E701C698B7A0051538D /* Base */ = {isa = PBXFileReference; lastKnownFileType = file.storyboard; name = Base; path = Base.lproj/LaunchScreen.storyboard; sourceTree = "<group>"; };
		61113E721C698B7A0051538D /* Info.plist */ = {isa = PBXFileReference; lastKnownFileType = text.plist.xml; path = Info.plist; sourceTree = "<group>"; };
		61113E771C698B7A0051538D /* beibangTests.xctest */ = {isa = PBXFileReference; explicitFileType = wrapper.cfbundle; includeInIndex = 0; path = beibangTests.xctest; sourceTree = BUILT_PRODUCTS_DIR; };
		61113E7B1C698B7A0051538D /* beibangTests.swift */ = {isa = PBXFileReference; lastKnownFileType = sourcecode.swift; path = beibangTests.swift; sourceTree = "<group>"; };
		61113E7D1C698B7A0051538D /* Info.plist */ = {isa = PBXFileReference; lastKnownFileType = text.plist.xml; path = Info.plist; sourceTree = "<group>"; };
		61113E821C698B7A0051538D /* beibangUITests.xctest */ = {isa = PBXFileReference; explicitFileType = wrapper.cfbundle; includeInIndex = 0; path = beibangUITests.xctest; sourceTree = BUILT_PRODUCTS_DIR; };
		61113E861C698B7A0051538D /* beibangUITests.swift */ = {isa = PBXFileReference; lastKnownFileType = sourcecode.swift; path = beibangUITests.swift; sourceTree = "<group>"; };
		61113E881C698B7A0051538D /* Info.plist */ = {isa = PBXFileReference; lastKnownFileType = text.plist.xml; path = Info.plist; sourceTree = "<group>"; };
		61113E941C6990E30051538D /* SignInEntryViewController.swift */ = {isa = PBXFileReference; fileEncoding = 4; lastKnownFileType = sourcecode.swift; path = SignInEntryViewController.swift; sourceTree = "<group>"; };
		611EF63D1C6E76B200469639 /* ChaoZhiBaoLiaoViewController.swift */ = {isa = PBXFileReference; fileEncoding = 4; lastKnownFileType = sourcecode.swift; path = ChaoZhiBaoLiaoViewController.swift; sourceTree = "<group>"; };
		611EF63F1C6E7E2000469639 /* UNAlertView.swift */ = {isa = PBXFileReference; fileEncoding = 4; lastKnownFileType = sourcecode.swift; path = UNAlertView.swift; sourceTree = "<group>"; };
		612C4B7D1C7AB071004A3D2B /* MyProfileViewController.swift */ = {isa = PBXFileReference; fileEncoding = 4; lastKnownFileType = sourcecode.swift; path = MyProfileViewController.swift; sourceTree = "<group>"; };
		612C4B801C7AB519004A3D2B /* MyProfileTableViewCell.swift */ = {isa = PBXFileReference; fileEncoding = 4; lastKnownFileType = sourcecode.swift; path = MyProfileTableViewCell.swift; sourceTree = "<group>"; };
		612C4B821C7ACD61004A3D2B /* WoDeBaoBaoViewController.swift */ = {isa = PBXFileReference; fileEncoding = 4; lastKnownFileType = sourcecode.swift; path = WoDeBaoBaoViewController.swift; sourceTree = "<group>"; };
		612C4B841C7ACD6D004A3D2B /* WoDeTouGaoViewController.swift */ = {isa = PBXFileReference; fileEncoding = 4; lastKnownFileType = sourcecode.swift; path = WoDeTouGaoViewController.swift; sourceTree = "<group>"; };
		612C4B861C7ACD79004A3D2B /* WoDeShouCangViewController.swift */ = {isa = PBXFileReference; fileEncoding = 4; lastKnownFileType = sourcecode.swift; path = WoDeShouCangViewController.swift; sourceTree = "<group>"; };
		612C4B881C7ACD86004A3D2B /* WoDeGuanZhuViewController.swift */ = {isa = PBXFileReference; fileEncoding = 4; lastKnownFileType = sourcecode.swift; path = WoDeGuanZhuViewController.swift; sourceTree = "<group>"; };
		612C4B8A1C7ACD96004A3D2B /* ZhangHuAnQuanViewController.swift */ = {isa = PBXFileReference; fileEncoding = 4; lastKnownFileType = sourcecode.swift; path = ZhangHuAnQuanViewController.swift; sourceTree = "<group>"; };
		612C4B8C1C7ACDA1004A3D2B /* LianXiPingTaiViewController.swift */ = {isa = PBXFileReference; fileEncoding = 4; lastKnownFileType = sourcecode.swift; path = LianXiPingTaiViewController.swift; sourceTree = "<group>"; };
		616E0C671C7BFF1600A171C6 /* WoDeShouCangTableViewCell.swift */ = {isa = PBXFileReference; fileEncoding = 4; lastKnownFileType = sourcecode.swift; path = WoDeShouCangTableViewCell.swift; sourceTree = "<group>"; };
		616E0C691C7C0D8F00A171C6 /* WoDeGuanZhuTableViewCell.swift */ = {isa = PBXFileReference; fileEncoding = 4; lastKnownFileType = sourcecode.swift; path = WoDeGuanZhuTableViewCell.swift; sourceTree = "<group>"; };
		616E0C6B1C7C0FE500A171C6 /* User.swift */ = {isa = PBXFileReference; fileEncoding = 4; lastKnownFileType = sourcecode.swift; path = User.swift; sourceTree = "<group>"; };
		617EFF8C1C741C8700C09174 /* PopupView.xib */ = {isa = PBXFileReference; fileEncoding = 4; lastKnownFileType = file.xib; path = PopupView.xib; sourceTree = "<group>"; };
		617EFF8D1C741C8700C09174 /* PopupView.swift */ = {isa = PBXFileReference; fileEncoding = 4; lastKnownFileType = sourcecode.swift; path = PopupView.swift; sourceTree = "<group>"; };
		61816CC01C7E96A500B98C1A /* WoDeBaoBaoPregnentViewController.swift */ = {isa = PBXFileReference; fileEncoding = 4; lastKnownFileType = sourcecode.swift; path = WoDeBaoBaoPregnentViewController.swift; sourceTree = "<group>"; };
		61816CC21C7EA27600B98C1A /* WoDeBaoBaoMomViewController.swift */ = {isa = PBXFileReference; fileEncoding = 4; lastKnownFileType = sourcecode.swift; path = WoDeBaoBaoMomViewController.swift; sourceTree = "<group>"; };
		6182F4061C7F52C100F44AC0 /* ShareMainViewController.swift */ = {isa = PBXFileReference; fileEncoding = 4; lastKnownFileType = sourcecode.swift; path = ShareMainViewController.swift; sourceTree = "<group>"; };
		6182F4081C7F879400F44AC0 /* ShareFuLiView.swift */ = {isa = PBXFileReference; fileEncoding = 4; lastKnownFileType = sourcecode.swift; path = ShareFuLiView.swift; sourceTree = "<group>"; };
		6182F40A1C7F8BC700F44AC0 /* ShareFuLiView.xib */ = {isa = PBXFileReference; fileEncoding = 4; lastKnownFileType = file.xib; path = ShareFuLiView.xib; sourceTree = "<group>"; };
		618426D61C6AE25200A1E5DA /* SignInViewController.swift */ = {isa = PBXFileReference; fileEncoding = 4; lastKnownFileType = sourcecode.swift; path = SignInViewController.swift; sourceTree = "<group>"; };
		618426D81C6AEEA900A1E5DA /* RegisterStepOneViewController.swift */ = {isa = PBXFileReference; fileEncoding = 4; lastKnownFileType = sourcecode.swift; path = RegisterStepOneViewController.swift; sourceTree = "<group>"; };
		618426DA1C6AF2B400A1E5DA /* RegisterStepTwoViewController.swift */ = {isa = PBXFileReference; fileEncoding = 4; lastKnownFileType = sourcecode.swift; path = RegisterStepTwoViewController.swift; sourceTree = "<group>"; };
		619B97E31C7FEF0200C87E26 /* ZuiXinView.swift */ = {isa = PBXFileReference; fileEncoding = 4; lastKnownFileType = sourcecode.swift; path = ZuiXinView.swift; sourceTree = "<group>"; };
		619B97E51C7FEF2000C87E26 /* ZuiXinView.xib */ = {isa = PBXFileReference; fileEncoding = 4; lastKnownFileType = file.xib; path = ZuiXinView.xib; sourceTree = "<group>"; };
		619B97E71C7FFFCF00C87E26 /* ZhuanTiView.swift */ = {isa = PBXFileReference; fileEncoding = 4; lastKnownFileType = sourcecode.swift; path = ZhuanTiView.swift; sourceTree = "<group>"; };
		619B97E91C7FFFDF00C87E26 /* ZhuanTiView.xib */ = {isa = PBXFileReference; fileEncoding = 4; lastKnownFileType = file.xib; path = ZhuanTiView.xib; sourceTree = "<group>"; };
		61B156771C78079B0020B29D /* TouGaoPopupButtonsViewController.swift */ = {isa = PBXFileReference; fileEncoding = 4; lastKnownFileType = sourcecode.swift; path = TouGaoPopupButtonsViewController.swift; sourceTree = "<group>"; };
		61B156791C7823550020B29D /* MainViewTopCell.swift */ = {isa = PBXFileReference; fileEncoding = 4; lastKnownFileType = sourcecode.swift; path = MainViewTopCell.swift; sourceTree = "<group>"; };
		61B1567B1C78236D0020B29D /* MainViewFollowingCell.swift */ = {isa = PBXFileReference; fileEncoding = 4; lastKnownFileType = sourcecode.swift; path = MainViewFollowingCell.swift; sourceTree = "<group>"; };
		61B258501C7BB16A006AE29A /* WoDeTouGaoTableViewCell.swift */ = {isa = PBXFileReference; fileEncoding = 4; lastKnownFileType = sourcecode.swift; path = WoDeTouGaoTableViewCell.swift; sourceTree = "<group>"; };
		61B258521C7BB67E006AE29A /* ImageUtil.swift */ = {isa = PBXFileReference; fileEncoding = 4; lastKnownFileType = sourcecode.swift; path = ImageUtil.swift; sourceTree = "<group>"; };
		61E1FAC31C7183E700EEC642 /* TouGaoEditorViewController.swift */ = {isa = PBXFileReference; fileEncoding = 4; lastKnownFileType = sourcecode.swift; path = TouGaoEditorViewController.swift; sourceTree = "<group>"; };
		61E1FAC61C7245D500EEC642 /* BlogEditor.swift */ = {isa = PBXFileReference; fileEncoding = 4; lastKnownFileType = sourcecode.swift; path = BlogEditor.swift; sourceTree = "<group>"; };
		61E1FAC81C72486300EEC642 /* colorPalette.plist */ = {isa = PBXFileReference; fileEncoding = 4; lastKnownFileType = text.plist.xml; path = colorPalette.plist; sourceTree = "<group>"; };
		61E1FAC91C72486300EEC642 /* ColorPickerViewController.swift */ = {isa = PBXFileReference; fileEncoding = 4; lastKnownFileType = sourcecode.swift; path = ColorPickerViewController.swift; sourceTree = "<group>"; };
		61E1FACA1C72486300EEC642 /* Notice.swift */ = {isa = PBXFileReference; fileEncoding = 4; lastKnownFileType = sourcecode.swift; path = Notice.swift; sourceTree = "<group>"; };
		61E3FF5B1C6ED7A400EAAD4D /* ChaoZhiBaoLiaoSubmitViewController.swift */ = {isa = PBXFileReference; fileEncoding = 4; lastKnownFileType = sourcecode.swift; path = ChaoZhiBaoLiaoSubmitViewController.swift; sourceTree = "<group>"; };
		61E693361C75666F0064416F /* TouGaoPreviewViewController.swift */ = {isa = PBXFileReference; fileEncoding = 4; lastKnownFileType = sourcecode.swift; path = TouGaoPreviewViewController.swift; sourceTree = "<group>"; };
		61F1A5351C763BF600CAA9E1 /* TouGao.swift */ = {isa = PBXFileReference; fileEncoding = 4; lastKnownFileType = sourcecode.swift; path = TouGao.swift; sourceTree = "<group>"; };
/* End PBXFileReference section */

/* Begin PBXFrameworksBuildPhase section */
		61113E5D1C698B7A0051538D /* Frameworks */ = {
			isa = PBXFrameworksBuildPhase;
			buildActionMask = 2147483647;
			files = (
			);
			runOnlyForDeploymentPostprocessing = 0;
		};
		61113E741C698B7A0051538D /* Frameworks */ = {
			isa = PBXFrameworksBuildPhase;
			buildActionMask = 2147483647;
			files = (
			);
			runOnlyForDeploymentPostprocessing = 0;
		};
		61113E7F1C698B7A0051538D /* Frameworks */ = {
			isa = PBXFrameworksBuildPhase;
			buildActionMask = 2147483647;
			files = (
			);
			runOnlyForDeploymentPostprocessing = 0;
		};
/* End PBXFrameworksBuildPhase section */

/* Begin PBXGroup section */
		61113E571C698B7A0051538D = {
			isa = PBXGroup;
			children = (
				61113E621C698B7A0051538D /* beibang */,
				61113E7A1C698B7A0051538D /* beibangTests */,
				61113E851C698B7A0051538D /* beibangUITests */,
				61113E611C698B7A0051538D /* Products */,
			);
			sourceTree = "<group>";
		};
		61113E611C698B7A0051538D /* Products */ = {
			isa = PBXGroup;
			children = (
				61113E601C698B7A0051538D /* beibang.app */,
				61113E771C698B7A0051538D /* beibangTests.xctest */,
				61113E821C698B7A0051538D /* beibangUITests.xctest */,
			);
			name = Products;
			sourceTree = "<group>";
		};
		61113E621C698B7A0051538D /* beibang */ = {
			isa = PBXGroup;
			children = (
				61113E631C698B7A0051538D /* AppDelegate.swift */,
				61B1567D1C7823960020B29D /* MainViewController */,
				611EF6411C6E7E3600469639 /* CommonComponents */,
				611EF63C1C6E715200469639 /* SignInUpComponent */,
				61E3FF5D1C6ED7AB00EAAD4D /* TouGaoComponent */,
				612C4B7F1C7AB088004A3D2B /* WoDeComponent */,
				6182F4051C7F52AB00F44AC0 /* ShareComponent */,
				61F1A5371C763C0100CAA9E1 /* model */,
				61113E671C698B7A0051538D /* Main.storyboard */,
				61113E6D1C698B7A0051538D /* Assets.xcassets */,
				61113E6F1C698B7A0051538D /* LaunchScreen.storyboard */,
				61113E721C698B7A0051538D /* Info.plist */,
				61113E6A1C698B7A0051538D /* beibang.xcdatamodeld */,
			);
			path = beibang;
			sourceTree = "<group>";
		};
		61113E7A1C698B7A0051538D /* beibangTests */ = {
			isa = PBXGroup;
			children = (
				61113E7B1C698B7A0051538D /* beibangTests.swift */,
				61113E7D1C698B7A0051538D /* Info.plist */,
			);
			path = beibangTests;
			sourceTree = "<group>";
		};
		61113E851C698B7A0051538D /* beibangUITests */ = {
			isa = PBXGroup;
			children = (
				61113E861C698B7A0051538D /* beibangUITests.swift */,
				61113E881C698B7A0051538D /* Info.plist */,
			);
			path = beibangUITests;
			sourceTree = "<group>";
		};
		611EF63C1C6E715200469639 /* SignInUpComponent */ = {
			isa = PBXGroup;
			children = (
				61113E941C6990E30051538D /* SignInEntryViewController.swift */,
				618426D61C6AE25200A1E5DA /* SignInViewController.swift */,
				618426D81C6AEEA900A1E5DA /* RegisterStepOneViewController.swift */,
				618426DA1C6AF2B400A1E5DA /* RegisterStepTwoViewController.swift */,
			);
			name = SignInUpComponent;
			sourceTree = "<group>";
		};
		611EF6411C6E7E3600469639 /* CommonComponents */ = {
			isa = PBXGroup;
			children = (
				611EF63F1C6E7E2000469639 /* UNAlertView.swift */,
				61E1FAC51C7244EB00EEC642 /* Editor */,
				61B258521C7BB67E006AE29A /* ImageUtil.swift */,
			);
			name = CommonComponents;
			sourceTree = "<group>";
		};
		612C4B7F1C7AB088004A3D2B /* WoDeComponent */ = {
			isa = PBXGroup;
			children = (
				612C4B7D1C7AB071004A3D2B /* MyProfileViewController.swift */,
				612C4B801C7AB519004A3D2B /* MyProfileTableViewCell.swift */,
				612C4B821C7ACD61004A3D2B /* WoDeBaoBaoViewController.swift */,
				61816CC01C7E96A500B98C1A /* WoDeBaoBaoPregnentViewController.swift */,
				61816CC21C7EA27600B98C1A /* WoDeBaoBaoMomViewController.swift */,
				612C4B841C7ACD6D004A3D2B /* WoDeTouGaoViewController.swift */,
				61B258501C7BB16A006AE29A /* WoDeTouGaoTableViewCell.swift */,
				612C4B861C7ACD79004A3D2B /* WoDeShouCangViewController.swift */,
				616E0C671C7BFF1600A171C6 /* WoDeShouCangTableViewCell.swift */,
				612C4B881C7ACD86004A3D2B /* WoDeGuanZhuViewController.swift */,
				610456401C7D5A1F0078459E /* WoDeGuanZhuDetailViewController.swift */,
				616E0C691C7C0D8F00A171C6 /* WoDeGuanZhuTableViewCell.swift */,
				612C4B8A1C7ACD96004A3D2B /* ZhangHuAnQuanViewController.swift */,
				612C4B8C1C7ACDA1004A3D2B /* LianXiPingTaiViewController.swift */,
			);
			name = WoDeComponent;
			sourceTree = "<group>";
		};
		617EFF901C741E8300C09174 /* TipPopupView */ = {
			isa = PBXGroup;
			children = (
				617EFF8C1C741C8700C09174 /* PopupView.xib */,
				617EFF8D1C741C8700C09174 /* PopupView.swift */,
			);
			name = TipPopupView;
			sourceTree = "<group>";
		};
		6182F4051C7F52AB00F44AC0 /* ShareComponent */ = {
			isa = PBXGroup;
			children = (
				6182F4061C7F52C100F44AC0 /* ShareMainViewController.swift */,
				6182F4081C7F879400F44AC0 /* ShareFuLiView.swift */,
				6182F40A1C7F8BC700F44AC0 /* ShareFuLiView.xib */,
				619B97E31C7FEF0200C87E26 /* ZuiXinView.swift */,
				619B97E51C7FEF2000C87E26 /* ZuiXinView.xib */,
				619B97E71C7FFFCF00C87E26 /* ZhuanTiView.swift */,
				619B97E91C7FFFDF00C87E26 /* ZhuanTiView.xib */,
			);
			name = ShareComponent;
			sourceTree = "<group>";
		};
		61B1567D1C7823960020B29D /* MainViewController */ = {
			isa = PBXGroup;
			children = (
				61113E651C698B7A0051538D /* MainViewController.swift */,
				61B156791C7823550020B29D /* MainViewTopCell.swift */,
				61B1567B1C78236D0020B29D /* MainViewFollowingCell.swift */,
				61B156771C78079B0020B29D /* TouGaoPopupButtonsViewController.swift */,
			);
			name = MainViewController;
			sourceTree = "<group>";
		};
		61E1FAC51C7244EB00EEC642 /* Editor */ = {
			isa = PBXGroup;
			children = (
				61E1FAC61C7245D500EEC642 /* BlogEditor.swift */,
				61E1FAC81C72486300EEC642 /* colorPalette.plist */,
				61E1FAC91C72486300EEC642 /* ColorPickerViewController.swift */,
				61E1FACA1C72486300EEC642 /* Notice.swift */,
			);
			name = Editor;
			sourceTree = "<group>";
		};
		61E3FF5D1C6ED7AB00EAAD4D /* TouGaoComponent */ = {
			isa = PBXGroup;
			children = (
				611EF63D1C6E76B200469639 /* ChaoZhiBaoLiaoViewController.swift */,
				61E3FF5B1C6ED7A400EAAD4D /* ChaoZhiBaoLiaoSubmitViewController.swift */,
				61E1FAC31C7183E700EEC642 /* TouGaoEditorViewController.swift */,
				61E693361C75666F0064416F /* TouGaoPreviewViewController.swift */,
				617EFF901C741E8300C09174 /* TipPopupView */,
			);
			name = TouGaoComponent;
			sourceTree = "<group>";
		};
		61F1A5371C763C0100CAA9E1 /* model */ = {
			isa = PBXGroup;
			children = (
				61F1A5351C763BF600CAA9E1 /* TouGao.swift */,
				616E0C6B1C7C0FE500A171C6 /* User.swift */,
			);
			name = model;
			sourceTree = "<group>";
		};
/* End PBXGroup section */

/* Begin PBXNativeTarget section */
		61113E5F1C698B7A0051538D /* beibang */ = {
			isa = PBXNativeTarget;
			buildConfigurationList = 61113E8B1C698B7A0051538D /* Build configuration list for PBXNativeTarget "beibang" */;
			buildPhases = (
				61113E5C1C698B7A0051538D /* Sources */,
				61113E5D1C698B7A0051538D /* Frameworks */,
				61113E5E1C698B7A0051538D /* Resources */,
			);
			buildRules = (
			);
			dependencies = (
			);
			name = beibang;
			productName = beibang;
			productReference = 61113E601C698B7A0051538D /* beibang.app */;
			productType = "com.apple.product-type.application";
		};
		61113E761C698B7A0051538D /* beibangTests */ = {
			isa = PBXNativeTarget;
			buildConfigurationList = 61113E8E1C698B7A0051538D /* Build configuration list for PBXNativeTarget "beibangTests" */;
			buildPhases = (
				61113E731C698B7A0051538D /* Sources */,
				61113E741C698B7A0051538D /* Frameworks */,
				61113E751C698B7A0051538D /* Resources */,
			);
			buildRules = (
			);
			dependencies = (
				61113E791C698B7A0051538D /* PBXTargetDependency */,
			);
			name = beibangTests;
			productName = beibangTests;
			productReference = 61113E771C698B7A0051538D /* beibangTests.xctest */;
			productType = "com.apple.product-type.bundle.unit-test";
		};
		61113E811C698B7A0051538D /* beibangUITests */ = {
			isa = PBXNativeTarget;
			buildConfigurationList = 61113E911C698B7A0051538D /* Build configuration list for PBXNativeTarget "beibangUITests" */;
			buildPhases = (
				61113E7E1C698B7A0051538D /* Sources */,
				61113E7F1C698B7A0051538D /* Frameworks */,
				61113E801C698B7A0051538D /* Resources */,
			);
			buildRules = (
			);
			dependencies = (
				61113E841C698B7A0051538D /* PBXTargetDependency */,
			);
			name = beibangUITests;
			productName = beibangUITests;
			productReference = 61113E821C698B7A0051538D /* beibangUITests.xctest */;
			productType = "com.apple.product-type.bundle.ui-testing";
		};
/* End PBXNativeTarget section */

/* Begin PBXProject section */
		61113E581C698B7A0051538D /* Project object */ = {
			isa = PBXProject;
			attributes = {
				LastSwiftUpdateCheck = 0720;
				LastUpgradeCheck = 0720;
				ORGANIZATIONNAME = Akhaltech;
				TargetAttributes = {
					61113E5F1C698B7A0051538D = {
						CreatedOnToolsVersion = 7.2.1;
					};
					61113E761C698B7A0051538D = {
						CreatedOnToolsVersion = 7.2.1;
						TestTargetID = 61113E5F1C698B7A0051538D;
					};
					61113E811C698B7A0051538D = {
						CreatedOnToolsVersion = 7.2.1;
						TestTargetID = 61113E5F1C698B7A0051538D;
					};
				};
			};
			buildConfigurationList = 61113E5B1C698B7A0051538D /* Build configuration list for PBXProject "beibang" */;
			compatibilityVersion = "Xcode 3.2";
			developmentRegion = English;
			hasScannedForEncodings = 0;
			knownRegions = (
				en,
				Base,
			);
			mainGroup = 61113E571C698B7A0051538D;
			productRefGroup = 61113E611C698B7A0051538D /* Products */;
			projectDirPath = "";
			projectRoot = "";
			targets = (
				61113E5F1C698B7A0051538D /* beibang */,
				61113E761C698B7A0051538D /* beibangTests */,
				61113E811C698B7A0051538D /* beibangUITests */,
			);
		};
/* End PBXProject section */

/* Begin PBXResourcesBuildPhase section */
		61113E5E1C698B7A0051538D /* Resources */ = {
			isa = PBXResourcesBuildPhase;
			buildActionMask = 2147483647;
			files = (
				61113E711C698B7A0051538D /* LaunchScreen.storyboard in Resources */,
				61113E6E1C698B7A0051538D /* Assets.xcassets in Resources */,
				617EFF8E1C741C8700C09174 /* PopupView.xib in Resources */,
				619B97E61C7FEF2000C87E26 /* ZuiXinView.xib in Resources */,
				61E1FACB1C72486300EEC642 /* colorPalette.plist in Resources */,
				6182F40B1C7F8BC700F44AC0 /* ShareFuLiView.xib in Resources */,
				619B97EA1C7FFFDF00C87E26 /* ZhuanTiView.xib in Resources */,
				61113E691C698B7A0051538D /* Main.storyboard in Resources */,
			);
			runOnlyForDeploymentPostprocessing = 0;
		};
		61113E751C698B7A0051538D /* Resources */ = {
			isa = PBXResourcesBuildPhase;
			buildActionMask = 2147483647;
			files = (
			);
			runOnlyForDeploymentPostprocessing = 0;
		};
		61113E801C698B7A0051538D /* Resources */ = {
			isa = PBXResourcesBuildPhase;
			buildActionMask = 2147483647;
			files = (
			);
			runOnlyForDeploymentPostprocessing = 0;
		};
/* End PBXResourcesBuildPhase section */

/* Begin PBXSourcesBuildPhase section */
		61113E5C1C698B7A0051538D /* Sources */ = {
			isa = PBXSourcesBuildPhase;
			buildActionMask = 2147483647;
			files = (
				61E1FACC1C72486300EEC642 /* ColorPickerViewController.swift in Sources */,
				618426DB1C6AF2B400A1E5DA /* RegisterStepTwoViewController.swift in Sources */,
				61113E951C6990E30051538D /* SignInEntryViewController.swift in Sources */,
				612C4B8B1C7ACD96004A3D2B /* ZhangHuAnQuanViewController.swift in Sources */,
				617EFF8F1C741C8700C09174 /* PopupView.swift in Sources */,
				610456411C7D5A1F0078459E /* WoDeGuanZhuDetailViewController.swift in Sources */,
				61E693371C75666F0064416F /* TouGaoPreviewViewController.swift in Sources */,
				61E1FACD1C72486300EEC642 /* Notice.swift in Sources */,
				61113E6C1C698B7A0051538D /* beibang.xcdatamodeld in Sources */,
				61113E661C698B7A0051538D /* MainViewController.swift in Sources */,
				61B258531C7BB67E006AE29A /* ImageUtil.swift in Sources */,
				6182F4071C7F52C100F44AC0 /* ShareMainViewController.swift in Sources */,
				61B156781C78079B0020B29D /* TouGaoPopupButtonsViewController.swift in Sources */,
				612C4B811C7AB519004A3D2B /* MyProfileTableViewCell.swift in Sources */,
				619B97E41C7FEF0200C87E26 /* ZuiXinView.swift in Sources */,
				612C4B7E1C7AB071004A3D2B /* MyProfileViewController.swift in Sources */,
				616E0C6A1C7C0D8F00A171C6 /* WoDeGuanZhuTableViewCell.swift in Sources */,
				618426D71C6AE25200A1E5DA /* SignInViewController.swift in Sources */,
				619B97E81C7FFFCF00C87E26 /* ZhuanTiView.swift in Sources */,
				61B258511C7BB16A006AE29A /* WoDeTouGaoTableViewCell.swift in Sources */,
				61816CC31C7EA27600B98C1A /* WoDeBaoBaoMomViewController.swift in Sources */,
				611EF63E1C6E76B200469639 /* ChaoZhiBaoLiaoViewController.swift in Sources */,
				612C4B831C7ACD61004A3D2B /* WoDeBaoBaoViewController.swift in Sources */,
				61B1567C1C78236D0020B29D /* MainViewFollowingCell.swift in Sources */,
				611EF6401C6E7E2000469639 /* UNAlertView.swift in Sources */,
				61E1FAC41C7183E700EEC642 /* TouGaoEditorViewController.swift in Sources */,
				61F1A5361C763BF600CAA9E1 /* TouGao.swift in Sources */,
				612C4B891C7ACD86004A3D2B /* WoDeGuanZhuViewController.swift in Sources */,
				612C4B8D1C7ACDA1004A3D2B /* LianXiPingTaiViewController.swift in Sources */,
				612C4B871C7ACD79004A3D2B /* WoDeShouCangViewController.swift in Sources */,
				61B1567A1C7823550020B29D /* MainViewTopCell.swift in Sources */,
				618426D91C6AEEA900A1E5DA /* RegisterStepOneViewController.swift in Sources */,
				61113E641C698B7A0051538D /* AppDelegate.swift in Sources */,
				61E1FAC71C7245D500EEC642 /* BlogEditor.swift in Sources */,
				612C4B851C7ACD6D004A3D2B /* WoDeTouGaoViewController.swift in Sources */,
				61E3FF5C1C6ED7A400EAAD4D /* ChaoZhiBaoLiaoSubmitViewController.swift in Sources */,
				6182F4091C7F879400F44AC0 /* ShareFuLiView.swift in Sources */,
				616E0C6C1C7C0FE500A171C6 /* User.swift in Sources */,
				616E0C681C7BFF1600A171C6 /* WoDeShouCangTableViewCell.swift in Sources */,
				61816CC11C7E96A500B98C1A /* WoDeBaoBaoPregnentViewController.swift in Sources */,
			);
			runOnlyForDeploymentPostprocessing = 0;
		};
		61113E731C698B7A0051538D /* Sources */ = {
			isa = PBXSourcesBuildPhase;
			buildActionMask = 2147483647;
			files = (
				61113E7C1C698B7A0051538D /* beibangTests.swift in Sources */,
			);
			runOnlyForDeploymentPostprocessing = 0;
		};
		61113E7E1C698B7A0051538D /* Sources */ = {
			isa = PBXSourcesBuildPhase;
			buildActionMask = 2147483647;
			files = (
				61113E871C698B7A0051538D /* beibangUITests.swift in Sources */,
			);
			runOnlyForDeploymentPostprocessing = 0;
		};
/* End PBXSourcesBuildPhase section */

/* Begin PBXTargetDependency section */
		61113E791C698B7A0051538D /* PBXTargetDependency */ = {
			isa = PBXTargetDependency;
			target = 61113E5F1C698B7A0051538D /* beibang */;
			targetProxy = 61113E781C698B7A0051538D /* PBXContainerItemProxy */;
		};
		61113E841C698B7A0051538D /* PBXTargetDependency */ = {
			isa = PBXTargetDependency;
			target = 61113E5F1C698B7A0051538D /* beibang */;
			targetProxy = 61113E831C698B7A0051538D /* PBXContainerItemProxy */;
		};
/* End PBXTargetDependency section */

/* Begin PBXVariantGroup section */
		61113E671C698B7A0051538D /* Main.storyboard */ = {
			isa = PBXVariantGroup;
			children = (
				61113E681C698B7A0051538D /* Base */,
			);
			name = Main.storyboard;
			sourceTree = "<group>";
		};
		61113E6F1C698B7A0051538D /* LaunchScreen.storyboard */ = {
			isa = PBXVariantGroup;
			children = (
				61113E701C698B7A0051538D /* Base */,
			);
			name = LaunchScreen.storyboard;
			sourceTree = "<group>";
		};
/* End PBXVariantGroup section */

/* Begin XCBuildConfiguration section */
		61113E891C698B7A0051538D /* Debug */ = {
			isa = XCBuildConfiguration;
			buildSettings = {
				ALWAYS_SEARCH_USER_PATHS = NO;
				CLANG_CXX_LANGUAGE_STANDARD = "gnu++0x";
				CLANG_CXX_LIBRARY = "libc++";
				CLANG_ENABLE_MODULES = YES;
				CLANG_ENABLE_OBJC_ARC = YES;
				CLANG_WARN_BOOL_CONVERSION = YES;
				CLANG_WARN_CONSTANT_CONVERSION = YES;
				CLANG_WARN_DIRECT_OBJC_ISA_USAGE = YES_ERROR;
				CLANG_WARN_EMPTY_BODY = YES;
				CLANG_WARN_ENUM_CONVERSION = YES;
				CLANG_WARN_INT_CONVERSION = YES;
				CLANG_WARN_OBJC_ROOT_CLASS = YES_ERROR;
				CLANG_WARN_UNREACHABLE_CODE = YES;
				CLANG_WARN__DUPLICATE_METHOD_MATCH = YES;
				"CODE_SIGN_IDENTITY[sdk=iphoneos*]" = "iPhone Developer";
				COPY_PHASE_STRIP = NO;
				DEBUG_INFORMATION_FORMAT = dwarf;
				ENABLE_STRICT_OBJC_MSGSEND = YES;
				ENABLE_TESTABILITY = YES;
				GCC_C_LANGUAGE_STANDARD = gnu99;
				GCC_DYNAMIC_NO_PIC = NO;
				GCC_NO_COMMON_BLOCKS = YES;
				GCC_OPTIMIZATION_LEVEL = 0;
				GCC_PREPROCESSOR_DEFINITIONS = (
					"DEBUG=1",
					"$(inherited)",
				);
				GCC_WARN_64_TO_32_BIT_CONVERSION = YES;
				GCC_WARN_ABOUT_RETURN_TYPE = YES_ERROR;
				GCC_WARN_UNDECLARED_SELECTOR = YES;
				GCC_WARN_UNINITIALIZED_AUTOS = YES_AGGRESSIVE;
				GCC_WARN_UNUSED_FUNCTION = YES;
				GCC_WARN_UNUSED_VARIABLE = YES;
				IPHONEOS_DEPLOYMENT_TARGET = 9.2;
				MTL_ENABLE_DEBUG_INFO = YES;
				ONLY_ACTIVE_ARCH = YES;
				SDKROOT = iphoneos;
				SWIFT_OPTIMIZATION_LEVEL = "-Onone";
				TARGETED_DEVICE_FAMILY = "1,2";
			};
			name = Debug;
		};
		61113E8A1C698B7A0051538D /* Release */ = {
			isa = XCBuildConfiguration;
			buildSettings = {
				ALWAYS_SEARCH_USER_PATHS = NO;
				CLANG_CXX_LANGUAGE_STANDARD = "gnu++0x";
				CLANG_CXX_LIBRARY = "libc++";
				CLANG_ENABLE_MODULES = YES;
				CLANG_ENABLE_OBJC_ARC = YES;
				CLANG_WARN_BOOL_CONVERSION = YES;
				CLANG_WARN_CONSTANT_CONVERSION = YES;
				CLANG_WARN_DIRECT_OBJC_ISA_USAGE = YES_ERROR;
				CLANG_WARN_EMPTY_BODY = YES;
				CLANG_WARN_ENUM_CONVERSION = YES;
				CLANG_WARN_INT_CONVERSION = YES;
				CLANG_WARN_OBJC_ROOT_CLASS = YES_ERROR;
				CLANG_WARN_UNREACHABLE_CODE = YES;
				CLANG_WARN__DUPLICATE_METHOD_MATCH = YES;
				"CODE_SIGN_IDENTITY[sdk=iphoneos*]" = "iPhone Developer";
				COPY_PHASE_STRIP = NO;
				DEBUG_INFORMATION_FORMAT = "dwarf-with-dsym";
				ENABLE_NS_ASSERTIONS = NO;
				ENABLE_STRICT_OBJC_MSGSEND = YES;
				GCC_C_LANGUAGE_STANDARD = gnu99;
				GCC_NO_COMMON_BLOCKS = YES;
				GCC_WARN_64_TO_32_BIT_CONVERSION = YES;
				GCC_WARN_ABOUT_RETURN_TYPE = YES_ERROR;
				GCC_WARN_UNDECLARED_SELECTOR = YES;
				GCC_WARN_UNINITIALIZED_AUTOS = YES_AGGRESSIVE;
				GCC_WARN_UNUSED_FUNCTION = YES;
				GCC_WARN_UNUSED_VARIABLE = YES;
				IPHONEOS_DEPLOYMENT_TARGET = 9.2;
				MTL_ENABLE_DEBUG_INFO = NO;
				SDKROOT = iphoneos;
				TARGETED_DEVICE_FAMILY = "1,2";
				VALIDATE_PRODUCT = YES;
			};
			name = Release;
		};
		61113E8C1C698B7A0051538D /* Debug */ = {
			isa = XCBuildConfiguration;
			buildSettings = {
				ASSETCATALOG_COMPILER_APPICON_NAME = AppIcon;
				INFOPLIST_FILE = beibang/Info.plist;
				LD_RUNPATH_SEARCH_PATHS = "$(inherited) @executable_path/Frameworks";
				PRODUCT_BUNDLE_IDENTIFIER = com.akhaltech.beibang;
				PRODUCT_NAME = "$(TARGET_NAME)";
			};
			name = Debug;
		};
		61113E8D1C698B7A0051538D /* Release */ = {
			isa = XCBuildConfiguration;
			buildSettings = {
				ASSETCATALOG_COMPILER_APPICON_NAME = AppIcon;
				INFOPLIST_FILE = beibang/Info.plist;
				LD_RUNPATH_SEARCH_PATHS = "$(inherited) @executable_path/Frameworks";
				PRODUCT_BUNDLE_IDENTIFIER = com.akhaltech.beibang;
				PRODUCT_NAME = "$(TARGET_NAME)";
			};
			name = Release;
		};
		61113E8F1C698B7A0051538D /* Debug */ = {
			isa = XCBuildConfiguration;
			buildSettings = {
				BUNDLE_LOADER = "$(TEST_HOST)";
				INFOPLIST_FILE = beibangTests/Info.plist;
				LD_RUNPATH_SEARCH_PATHS = "$(inherited) @executable_path/Frameworks @loader_path/Frameworks";
				PRODUCT_BUNDLE_IDENTIFIER = com.akhaltech.beibangTests;
				PRODUCT_NAME = "$(TARGET_NAME)";
				TEST_HOST = "$(BUILT_PRODUCTS_DIR)/beibang.app/beibang";
			};
			name = Debug;
		};
		61113E901C698B7A0051538D /* Release */ = {
			isa = XCBuildConfiguration;
			buildSettings = {
				BUNDLE_LOADER = "$(TEST_HOST)";
				INFOPLIST_FILE = beibangTests/Info.plist;
				LD_RUNPATH_SEARCH_PATHS = "$(inherited) @executable_path/Frameworks @loader_path/Frameworks";
				PRODUCT_BUNDLE_IDENTIFIER = com.akhaltech.beibangTests;
				PRODUCT_NAME = "$(TARGET_NAME)";
				TEST_HOST = "$(BUILT_PRODUCTS_DIR)/beibang.app/beibang";
			};
			name = Release;
		};
		61113E921C698B7A0051538D /* Debug */ = {
			isa = XCBuildConfiguration;
			buildSettings = {
				INFOPLIST_FILE = beibangUITests/Info.plist;
				LD_RUNPATH_SEARCH_PATHS = "$(inherited) @executable_path/Frameworks @loader_path/Frameworks";
				PRODUCT_BUNDLE_IDENTIFIER = com.akhaltech.beibangUITests;
				PRODUCT_NAME = "$(TARGET_NAME)";
				TEST_TARGET_NAME = beibang;
				USES_XCTRUNNER = YES;
			};
			name = Debug;
		};
		61113E931C698B7A0051538D /* Release */ = {
			isa = XCBuildConfiguration;
			buildSettings = {
				INFOPLIST_FILE = beibangUITests/Info.plist;
				LD_RUNPATH_SEARCH_PATHS = "$(inherited) @executable_path/Frameworks @loader_path/Frameworks";
				PRODUCT_BUNDLE_IDENTIFIER = com.akhaltech.beibangUITests;
				PRODUCT_NAME = "$(TARGET_NAME)";
				TEST_TARGET_NAME = beibang;
				USES_XCTRUNNER = YES;
			};
			name = Release;
		};
/* End XCBuildConfiguration section */

/* Begin XCConfigurationList section */
		61113E5B1C698B7A0051538D /* Build configuration list for PBXProject "beibang" */ = {
			isa = XCConfigurationList;
			buildConfigurations = (
				61113E891C698B7A0051538D /* Debug */,
				61113E8A1C698B7A0051538D /* Release */,
			);
			defaultConfigurationIsVisible = 0;
			defaultConfigurationName = Release;
		};
		61113E8B1C698B7A0051538D /* Build configuration list for PBXNativeTarget "beibang" */ = {
			isa = XCConfigurationList;
			buildConfigurations = (
				61113E8C1C698B7A0051538D /* Debug */,
				61113E8D1C698B7A0051538D /* Release */,
			);
			defaultConfigurationIsVisible = 0;
			defaultConfigurationName = Release;
		};
		61113E8E1C698B7A0051538D /* Build configuration list for PBXNativeTarget "beibangTests" */ = {
			isa = XCConfigurationList;
			buildConfigurations = (
				61113E8F1C698B7A0051538D /* Debug */,
				61113E901C698B7A0051538D /* Release */,
			);
			defaultConfigurationIsVisible = 0;
			defaultConfigurationName = Release;
		};
		61113E911C698B7A0051538D /* Build configuration list for PBXNativeTarget "beibangUITests" */ = {
			isa = XCConfigurationList;
			buildConfigurations = (
				61113E921C698B7A0051538D /* Debug */,
				61113E931C698B7A0051538D /* Release */,
			);
			defaultConfigurationIsVisible = 0;
			defaultConfigurationName = Release;
		};
/* End XCConfigurationList section */

/* Begin XCVersionGroup section */
		61113E6A1C698B7A0051538D /* beibang.xcdatamodeld */ = {
			isa = XCVersionGroup;
			children = (
				61113E6B1C698B7A0051538D /* beibang.xcdatamodel */,
			);
			currentVersion = 61113E6B1C698B7A0051538D /* beibang.xcdatamodel */;
			path = beibang.xcdatamodeld;
			sourceTree = "<group>";
			versionGroupType = wrapper.xcdatamodel;
		};
/* End XCVersionGroup section */
	};
	rootObject = 61113E581C698B7A0051538D /* Project object */;
}
